
Microsoft Visual Studio Solution File, Format Version 12.00
# Visual Studio Version 16
VisualStudioVersion = 16.0.30907.101
MinimumVisualStudioVersion = 10.0.40219.1
Project("{9A19103F-16F7-4668-BE54-9A1E7A4F7556}") = "RS_Bot", "RS_Bot\RS_Bot.csproj", "{98552780-957F-4B0D-A4DE-3108AC4E4EDE}"
EndProject
Global
	GlobalSection(SolutionConfigurationPlatforms) = preSolution
		Debug|Any CPU = Debug|Any CPU
		Release|Any CPU = Release|Any CPU
	EndGlobalSection
	GlobalSection(ProjectConfigurationPlatforms) = postSolution
		{98552780-957F-4B0D-A4DE-3108AC4E4EDE}.Debug|Any CPU.ActiveCfg = Debug|Any CPU
		{98552780-957F-4B0D-A4DE-3108AC4E4EDE}.Debug|Any CPU.Build.0 = Debug|Any CPU
		{98552780-957F-4B0D-A4DE-3108AC4E4EDE}.Release|Any CPU.ActiveCfg = Release|Any CPU
		{98552780-957F-4B0D-A4DE-3108AC4E4EDE}.Release|Any CPU.Build.0 = Release|Any CPU
	EndGlobalSection
	GlobalSection(SolutionProperties) = preSolution
		HideSolutionNode = FALSE
	EndGlobalSection
	GlobalSection(ExtensibilityGlobals) = postSolution
		SolutionGuid = {B6FAB65A-FB64-4860-A114-0E25D64F588A}
	EndGlobalSection
EndGlobal
